
Microsoft Visual Studio Solution File, Format Version 12.00
# Visual Studio 15
VisualStudioVersion = 15.0.28307.489
MinimumVisualStudioVersion = 10.0.40219.1
Project("{FAE04EC0-301F-11D3-BF4B-00C04F79EFBC}") = "AzureLabs.Web", "AzureLabs.Web\AzureLabs.Web.csproj", "{7D101132-2E43-4666-B8CD-67ACD8534F8C}"
EndProject
Project("{FAE04EC0-301F-11D3-BF4B-00C04F79EFBC}") = "AzureLabs.ServiceBus", "AzureLabs.ServiceBus\AzureLabs.ServiceBus.csproj", "{9FD56857-2495-45FB-A013-526B39E3DBD7}"
EndProject
Project("{FAE04EC0-301F-11D3-BF4B-00C04F79EFBC}") = "AzureLabs.Storage.Queue", "AzureLabs.Storage.Queue\AzureLabs.Storage.Queue.csproj", "{1A3EFF6A-BA93-46CA-8F12-B63EAA91D055}"
EndProject
Project("{FAE04EC0-301F-11D3-BF4B-00C04F79EFBC}") = "AzureLabs.Storage.Blob", "AzureLabs.Storage.Blob\AzureLabs.Storage.Blob.csproj", "{B3ACB141-E953-45BC-999B-8B0DD042F676}"
EndProject
Global
	GlobalSection(SolutionConfigurationPlatforms) = preSolution
		Debug|Any CPU = Debug|Any CPU
		Release|Any CPU = Release|Any CPU
	EndGlobalSection
	GlobalSection(ProjectConfigurationPlatforms) = postSolution
		{7D101132-2E43-4666-B8CD-67ACD8534F8C}.Debug|Any CPU.ActiveCfg = Debug|Any CPU
		{7D101132-2E43-4666-B8CD-67ACD8534F8C}.Debug|Any CPU.Build.0 = Debug|Any CPU
		{7D101132-2E43-4666-B8CD-67ACD8534F8C}.Release|Any CPU.ActiveCfg = Release|Any CPU
		{7D101132-2E43-4666-B8CD-67ACD8534F8C}.Release|Any CPU.Build.0 = Release|Any CPU
		{9FD56857-2495-45FB-A013-526B39E3DBD7}.Debug|Any CPU.ActiveCfg = Debug|Any CPU
		{9FD56857-2495-45FB-A013-526B39E3DBD7}.Debug|Any CPU.Build.0 = Debug|Any CPU
		{9FD56857-2495-45FB-A013-526B39E3DBD7}.Release|Any CPU.ActiveCfg = Release|Any CPU
		{9FD56857-2495-45FB-A013-526B39E3DBD7}.Release|Any CPU.Build.0 = Release|Any CPU
		{1A3EFF6A-BA93-46CA-8F12-B63EAA91D055}.Debug|Any CPU.ActiveCfg = Debug|Any CPU
		{1A3EFF6A-BA93-46CA-8F12-B63EAA91D055}.Debug|Any CPU.Build.0 = Debug|Any CPU
		{1A3EFF6A-BA93-46CA-8F12-B63EAA91D055}.Release|Any CPU.ActiveCfg = Release|Any CPU
		{1A3EFF6A-BA93-46CA-8F12-B63EAA91D055}.Release|Any CPU.Build.0 = Release|Any CPU
		{B3ACB141-E953-45BC-999B-8B0DD042F676}.Debug|Any CPU.ActiveCfg = Debug|Any CPU
		{B3ACB141-E953-45BC-999B-8B0DD042F676}.Debug|Any CPU.Build.0 = Debug|Any CPU
		{B3ACB141-E953-45BC-999B-8B0DD042F676}.Release|Any CPU.ActiveCfg = Release|Any CPU
		{B3ACB141-E953-45BC-999B-8B0DD042F676}.Release|Any CPU.Build.0 = Release|Any CPU
	EndGlobalSection
	GlobalSection(SolutionProperties) = preSolution
		HideSolutionNode = FALSE
	EndGlobalSection
	GlobalSection(ExtensibilityGlobals) = postSolution
		SolutionGuid = {A6C52128-6AF9-4666-A975-62A2A13FB380}
	EndGlobalSection
EndGlobal
